
Microsoft Visual Studio Solution File, Format Version 12.00
# Visual Studio Version 16
VisualStudioVersion = 16.0.30907.101
MinimumVisualStudioVersion = 10.0.40219.1
Project("{FAE04EC0-301F-11D3-BF4B-00C04F79EFBC}") = "Hello", "Hello\Hello.csproj", "{77DED1B8-CDB8-40A5-A5E8-ADC444DF7F59}"
EndProject
Global
	GlobalSection(SolutionConfigurationPlatforms) = preSolution
		Debug|Any CPU = Debug|Any CPU
		Release|Any CPU = Release|Any CPU
	EndGlobalSection
	GlobalSection(ProjectConfigurationPlatforms) = postSolution
		{77DED1B8-CDB8-40A5-A5E8-ADC444DF7F59}.Debug|Any CPU.ActiveCfg = Debug|Any CPU
		{77DED1B8-CDB8-40A5-A5E8-ADC444DF7F59}.Debug|Any CPU.Build.0 = Debug|Any CPU
		{77DED1B8-CDB8-40A5-A5E8-ADC444DF7F59}.Release|Any CPU.ActiveCfg = Release|Any CPU
		{77DED1B8-CDB8-40A5-A5E8-ADC444DF7F59}.Release|Any CPU.Build.0 = Release|Any CPU
	EndGlobalSection
	GlobalSection(SolutionProperties) = preSolution
		HideSolutionNode = FALSE
	EndGlobalSection
	GlobalSection(ExtensibilityGlobals) = postSolution
		SolutionGuid = {2BE49307-5DE1-439B-B69D-6A01AF290234}
	EndGlobalSection
EndGlobal
